<?xml version="1.0" encoding="utf-8"?>
<Project ToolsVersion="4.0" xmlns="http://schemas.microsoft.com/developer/msbuild/2003">
  <ItemGroup>
    <Filter Include="Fichiers sources">
      <UniqueIdentifier>{4FC737F1-C7A5-4376-A066-2A32D752A2FF}</UniqueIdentifier>
      <Extensions>cpp;c;cc;cxx;def;odl;idl;hpj;bat;asm;asmx</Extensions>
    </Filter>
    <Filter Include="Fichiers d%27en-tête">
      <UniqueIdentifier>{93995380-89BD-4b04-88EB-625FBE52EBFB}</UniqueIdentifier>
      <Extensions>h;hh;hpp;hxx;hm;inl;inc;ipp;xsd</Extensions>
    </Filter>
    <Filter Include="Fichiers de ressources">
      <UniqueIdentifier>{67DA6AB6-F800-4c08-8B7A-83BB121AAD01}</UniqueIdentifier>
      <Extensions>rc;ico;cur;bmp;dlg;rc2;rct;bin;rgs;gif;jpg;jpeg;jpe;resx;tiff;tif;png;wav;mfcribbon-ms</Extensions>
    </Filter>
  </ItemGroup>
  <ItemGroup>
    <ClInclude Include="framework.h">
      <Filter>Fichiers d%27en-tête</Filter>
    </ClInclude>
    <ClInclude Include="targetver.h">
      <Filter>Fichiers d%27en-tête</Filter>
    </ClInclude>
    <ClInclude Include="Resource.h">
      <Filter>Fichiers d%27en-tête</Filter>
    </ClInclude>
    <ClInclude Include="Windows-Runtime-Components-C++.Project.h">
      <Filter>Fichiers d%27en-tête</Filter>
    </ClInclude>
    <ClInclude Include="E:\Visual C++ Source\abstract.h">
      <Filter>Fichiers d%27en-tête</Filter>
    </ClInclude>
    <ClInclude Include="E:\Visual C++ Source\AlignedNew.h">
      <Filter>Fichiers d%27en-tête</Filter>
    </ClInclude>
    <ClInclude Include="E:\Visual C++ Source\asdl.h">
      <Filter>Fichiers d%27en-tête</Filter>
    </ClInclude>
    <ClInclude Include="E:\Visual C++ Source\ast.h">
      <Filter>Fichiers d%27en-tête</Filter>
    </ClInclude>
    <ClInclude Include="E:\Visual C++ Source\astreambuf.h">
      <Filter>Fichiers d%27en-tête</Filter>
    </ClInclude>
    <ClInclude Include="E:\Visual C++ Source\asyncrt_utils.h">
      <Filter>Fichiers d%27en-tête</Filter>
    </ClInclude>
    <ClInclude Include="E:\Visual C++ Source\base_abi.h">
      <Filter>Fichiers d%27en-tête</Filter>
    </ClInclude>
    <ClInclude Include="E:\Visual C++ Source\base_activation.h">
      <Filter>Fichiers d%27en-tête</Filter>
    </ClInclude>
    <ClInclude Include="E:\Visual C++ Source\base_agile_ref.h">
      <Filter>Fichiers d%27en-tête</Filter>
    </ClInclude>
    <ClInclude Include="E:\Visual C++ Source\base_array.h">
      <Filter>Fichiers d%27en-tête</Filter>
    </ClInclude>
    <ClInclude Include="E:\Visual C++ Source\base_chrono.h">
      <Filter>Fichiers d%27en-tête</Filter>
    </ClInclude>
    <ClInclude Include="E:\Visual C++ Source\base_collections.h">
      <Filter>Fichiers d%27en-tête</Filter>
    </ClInclude>
    <ClInclude Include="E:\Visual C++ Source\base_collections_base.h">
      <Filter>Fichiers d%27en-tête</Filter>
    </ClInclude>
    <ClInclude Include="E:\Visual C++ Source\base_collections_input_iterable.h">
      <Filter>Fichiers d%27en-tête</Filter>
    </ClInclude>
    <ClInclude Include="E:\Visual C++ Source\base_collections_input_map.h">
      <Filter>Fichiers d%27en-tête</Filter>
    </ClInclude>
    <ClInclude Include="E:\Visual C++ Source\base_collections_input_map_view.h">
      <Filter>Fichiers d%27en-tête</Filter>
    </ClInclude>
    <ClInclude Include="E:\Visual C++ Source\base_collections_input_vector.h">
      <Filter>Fichiers d%27en-tête</Filter>
    </ClInclude>
    <ClInclude Include="E:\Visual C++ Source\base_collections_input_vector_view.h">
      <Filter>Fichiers d%27en-tête</Filter>
    </ClInclude>
    <ClInclude Include="E:\Visual C++ Source\base_collections_map.h">
      <Filter>Fichiers d%27en-tête</Filter>
    </ClInclude>
    <ClInclude Include="E:\Visual C++ Source\base_collections_vector.h">
      <Filter>Fichiers d%27en-tête</Filter>
    </ClInclude>
    <ClInclude Include="E:\Visual C++ Source\base_com_ptr.h">
      <Filter>Fichiers d%27en-tête</Filter>
    </ClInclude>
    <ClInclude Include="E:\Visual C++ Source\base_composable.h">
      <Filter>Fichiers d%27en-tête</Filter>
    </ClInclude>
    <ClInclude Include="E:\Visual C++ Source\base_coroutine.h">
      <Filter>Fichiers d%27en-tête</Filter>
    </ClInclude>
    <ClInclude Include="E:\Visual C++ Source\base_coroutine_foundation.h">
      <Filter>Fichiers d%27en-tête</Filter>
    </ClInclude>
    <ClInclude Include="E:\Visual C++ Source\base_coroutine_system.h">
      <Filter>Fichiers d%27en-tête</Filter>
    </ClInclude>
    <ClInclude Include="E:\Visual C++ Source\base_coroutine_threadpool.h">
      <Filter>Fichiers d%27en-tête</Filter>
    </ClInclude>
    <ClInclude Include="E:\Visual C++ Source\base_coroutine_ui_core.h">
      <Filter>Fichiers d%27en-tête</Filter>
    </ClInclude>
    <ClInclude Include="E:\Visual C++ Source\base_deferral.h">
      <Filter>Fichiers d%27en-tête</Filter>
    </ClInclude>
    <ClInclude Include="E:\Visual C++ Source\base_delegate.h">
      <Filter>Fichiers d%27en-tête</Filter>
    </ClInclude>
    <ClInclude Include="E:\Visual C++ Source\base_dependencies.h">
      <Filter>Fichiers d%27en-tête</Filter>
    </ClInclude>
    <ClInclude Include="E:\Visual C++ Source\base_error.h">
      <Filter>Fichiers d%27en-tête</Filter>
    </ClInclude>
    <ClInclude Include="E:\Visual C++ Source\base_events.h">
      <Filter>Fichiers d%27en-tête</Filter>
    </ClInclude>
    <ClInclude Include="E:\Visual C++ Source\base_extern.h">
      <Filter>Fichiers d%27en-tête</Filter>
    </ClInclude>
    <ClInclude Include="E:\Visual C++ Source\base_fast_forward.h">
      <Filter>Fichiers d%27en-tête</Filter>
    </ClInclude>
    <ClInclude Include="E:\Visual C++ Source\base_foundation.h">
      <Filter>Fichiers d%27en-tête</Filter>
    </ClInclude>
    <ClInclude Include="E:\Visual C++ Source\base_handle.h">
      <Filter>Fichiers d%27en-tête</Filter>
    </ClInclude>
    <ClInclude Include="E:\Visual C++ Source\base_identity.h">
      <Filter>Fichiers d%27en-tête</Filter>
    </ClInclude>
    <ClInclude Include="E:\Visual C++ Source\base_implements.h">
      <Filter>Fichiers d%27en-tête</Filter>
    </ClInclude>
    <ClInclude Include="E:\Visual C++ Source\base_lock.h">
      <Filter>Fichiers d%27en-tête</Filter>
    </ClInclude>
    <ClInclude Include="E:\Visual C++ Source\base_macros.h">
      <Filter>Fichiers d%27en-tête</Filter>
    </ClInclude>
    <ClInclude Include="E:\Visual C++ Source\base_marshaler.h">
      <Filter>Fichiers d%27en-tête</Filter>
    </ClInclude>
    <ClInclude Include="E:\Visual C++ Source\base_meta.h">
      <Filter>Fichiers d%27en-tête</Filter>
    </ClInclude>
    <ClInclude Include="E:\Visual C++ Source\base_natvis.h">
      <Filter>Fichiers d%27en-tête</Filter>
    </ClInclude>
    <ClInclude Include="E:\Visual C++ Source\base_reference_produce.h">
      <Filter>Fichiers d%27en-tête</Filter>
    </ClInclude>
    <ClInclude Include="E:\Visual C++ Source\base_security.h">
      <Filter>Fichiers d%27en-tête</Filter>
    </ClInclude>
    <ClInclude Include="E:\Visual C++ Source\base_std_hash.h">
      <Filter>Fichiers d%27en-tête</Filter>
    </ClInclude>
    <ClInclude Include="E:\Visual C++ Source\base_string.h">
      <Filter>Fichiers d%27en-tête</Filter>
    </ClInclude>
    <ClInclude Include="E:\Visual C++ Source\base_string_input.h">
      <Filter>Fichiers d%27en-tête</Filter>
    </ClInclude>
    <ClInclude Include="E:\Visual C++ Source\base_string_operators.h">
      <Filter>Fichiers d%27en-tête</Filter>
    </ClInclude>
    <ClInclude Include="E:\Visual C++ Source\base_types.h">
      <Filter>Fichiers d%27en-tête</Filter>
    </ClInclude>
    <ClInclude Include="E:\Visual C++ Source\base_uri.h">
      <Filter>Fichiers d%27en-tête</Filter>
    </ClInclude>
    <ClInclude Include="E:\Visual C++ Source\base_version.h">
      <Filter>Fichiers d%27en-tête</Filter>
    </ClInclude>
    <ClInclude Include="E:\Visual C++ Source\base_weak_ref.h">
      <Filter>Fichiers d%27en-tête</Filter>
    </ClInclude>
    <ClInclude Include="E:\Visual C++ Source\base_windows.h">
      <Filter>Fichiers d%27en-tête</Filter>
    </ClInclude>
    <ClInclude Include="E:\Visual C++ Source\base_xaml_typename.h">
      <Filter>Fichiers d%27en-tête</Filter>
    </ClInclude>
    <ClInclude Include="E:\Visual C++ Source\Bezier.h">
      <Filter>Fichiers d%27en-tête</Filter>
    </ClInclude>
    <ClInclude Include="E:\Visual C++ Source\BinaryReader.h">
      <Filter>Fichiers d%27en-tête</Filter>
    </ClInclude>
    <ClInclude Include="E:\Visual C++ Source\bitset.h">
      <Filter>Fichiers d%27en-tête</Filter>
    </ClInclude>
    <ClInclude Include="E:\Visual C++ Source\boolobject.h">
      <Filter>Fichiers d%27en-tête</Filter>
    </ClInclude>
    <ClInclude Include="E:\Visual C++ Source\bufferobject.h">
      <Filter>Fichiers d%27en-tête</Filter>
    </ClInclude>
    <ClInclude Include="E:\Visual C++ Source\cmd_reader.h">
      <Filter>Fichiers d%27en-tête</Filter>
    </ClInclude>
    <ClInclude Include="E:\Visual C++ Source\cobject.h">
      <Filter>Fichiers d%27en-tête</Filter>
    </ClInclude>
    <ClInclude Include="E:\Visual C++ Source\code.h">
      <Filter>Fichiers d%27en-tête</Filter>
    </ClInclude>
    <ClInclude Include="E:\Visual C++ Source\code_writers.h">
      <Filter>Fichiers d%27en-tête</Filter>
    </ClInclude>
    <ClInclude Include="E:\Visual C++ Source\codecs.h">
      <Filter>Fichiers d%27en-tête</Filter>
    </ClInclude>
    <ClInclude Include="E:\Visual C++ Source\compile.h">
      <Filter>Fichiers d%27en-tête</Filter>
    </ClInclude>
    <ClInclude Include="E:\Visual C++ Source\complexobject.h">
      <Filter>Fichiers d%27en-tête</Filter>
    </ClInclude>
    <ClInclude Include="E:\Visual C++ Source\component_writers.h">
      <Filter>Fichiers d%27en-tête</Filter>
    </ClInclude>
    <ClInclude Include="E:\Visual C++ Source\ConstantBuffer.h">
      <Filter>Fichiers d%27en-tête</Filter>
    </ClInclude>
    <ClInclude Include="E:\Visual C++ Source\containerstream.h">
      <Filter>Fichiers d%27en-tête</Filter>
    </ClInclude>
    <ClInclude Include="E:\Visual C++ Source\DDS.h">
      <Filter>Fichiers d%27en-tête</Filter>
    </ClInclude>
    <ClInclude Include="E:\Visual C++ Source\DemandCreate.h">
      <Filter>Fichiers d%27en-tête</Filter>
    </ClInclude>
    <ClInclude Include="E:\Visual C++ Source\descrobject.h">
      <Filter>Fichiers d%27en-tête</Filter>
    </ClInclude>
    <ClInclude Include="E:\Visual C++ Source\driverlog.h">
      <Filter>Fichiers d%27en-tête</Filter>
    </ClInclude>
    <ClInclude Include="E:\Visual C++ Source\dtoa.h">
      <Filter>Fichiers d%27en-tête</Filter>
    </ClInclude>
    <ClInclude Include="E:\Visual C++ Source\EffectCommon.h">
      <Filter>Fichiers d%27en-tête</Filter>
    </ClInclude>
    <ClInclude Include="E:\Visual C++ Source\enumobject.h">
      <Filter>Fichiers d%27en-tête</Filter>
    </ClInclude>
    <ClInclude Include="E:\Visual C++ Source\errcode.h">
      <Filter>Fichiers d%27en-tête</Filter>
    </ClInclude>
    <ClInclude Include="E:\Visual C++ Source\file_writers.h">
      <Filter>Fichiers d%27en-tête</Filter>
    </ClInclude>
    <ClInclude Include="E:\Visual C++ Source\fileobject.h">
      <Filter>Fichiers d%27en-tête</Filter>
    </ClInclude>
    <ClInclude Include="E:\Visual C++ Source\filestream.h">
      <Filter>Fichiers d%27en-tête</Filter>
    </ClInclude>
    <ClInclude Include="E:\Visual C++ Source\floatobject.h">
      <Filter>Fichiers d%27en-tête</Filter>
    </ClInclude>
    <ClInclude Include="E:\Visual C++ Source\frameobject.h">
      <Filter>Fichiers d%27en-tête</Filter>
    </ClInclude>
    <ClInclude Include="E:\Visual C++ Source\global_timestamp_reader.h">
      <Filter>Fichiers d%27en-tête</Filter>
    </ClInclude>
    <ClInclude Include="E:\Visual C++ Source\hw-monitor.h">
      <Filter>Fichiers d%27en-tête</Filter>
    </ClInclude>
    <ClInclude Include="E:\Visual C++ Source\image.h">
      <Filter>Fichiers d%27en-tête</Filter>
    </ClInclude>
    <ClInclude Include="E:\Visual C++ Source\image-avx.h">
      <Filter>Fichiers d%27en-tête</Filter>
    </ClInclude>
    <ClInclude Include="E:\Visual C++ Source\interopstream.h">
      <Filter>Fichiers d%27en-tête</Filter>
    </ClInclude>
    <ClInclude Include="E:\Visual C++ Source\intobject.h">
      <Filter>Fichiers d%27en-tête</Filter>
    </ClInclude>
    <ClInclude Include="E:\Visual C++ Source\intrcheck.h">
      <Filter>Fichiers d%27en-tête</Filter>
    </ClInclude>
    <ClInclude Include="E:\Visual C++ Source\iterobject.h">
      <Filter>Fichiers d%27en-tête</Filter>
    </ClInclude>
    <ClInclude Include="E:\Visual C++ Source\ivrclientcore.h">
      <Filter>Fichiers d%27en-tête</Filter>
    </ClInclude>
    <ClInclude Include="E:\Visual C++ Source\metagrammar.h">
      <Filter>Fichiers d%27en-tête</Filter>
    </ClInclude>
    <ClInclude Include="E:\Visual C++ Source\methodobject.h">
      <Filter>Fichiers d%27en-tête</Filter>
    </ClInclude>
    <ClInclude Include="E:\Visual C++ Source\modsupport.h">
      <Filter>Fichiers d%27en-tête</Filter>
    </ClInclude>
    <ClInclude Include="E:\Visual C++ Source\moduleobject.h">
      <Filter>Fichiers d%27en-tête</Filter>
    </ClInclude>
    <ClInclude Include="E:\Visual C++ Source\node.h">
      <Filter>Fichiers d%27en-tête</Filter>
    </ClInclude>
    <ClInclude Include="E:\Visual C++ Source\oauth1.h">
      <Filter>Fichiers d%27en-tête</Filter>
    </ClInclude>
    <ClInclude Include="E:\Visual C++ Source\oauth2.h">
      <Filter>Fichiers d%27en-tête</Filter>
    </ClInclude>
    <ClInclude Include="E:\Visual C++ Source\object.h">
      <Filter>Fichiers d%27en-tête</Filter>
    </ClInclude>
    <ClInclude Include="E:\Visual C++ Source\objimpl.h">
      <Filter>Fichiers d%27en-tête</Filter>
    </ClInclude>
    <ClInclude Include="E:\Visual C++ Source\opcode.h">
      <Filter>Fichiers d%27en-tête</Filter>
    </ClInclude>
    <ClInclude Include="E:\Visual C++ Source\osdefs.h">
      <Filter>Fichiers d%27en-tête</Filter>
    </ClInclude>
    <ClInclude Include="E:\Visual C++ Source\parsetok.h">
      <Filter>Fichiers d%27en-tête</Filter>
    </ClInclude>
    <ClInclude Include="E:\Visual C++ Source\patchlevel.h">
      <Filter>Fichiers d%27en-tête</Filter>
    </ClInclude>
    <ClInclude Include="E:\Visual C++ Source\pch.h">
      <Filter>Fichiers d%27en-tête</Filter>
    </ClInclude>
    <ClInclude Include="E:\Visual C++ Source\pgen.h">
      <Filter>Fichiers d%27en-tête</Filter>
    </ClInclude>
    <ClInclude Include="E:\Visual C++ Source\pgenheaders.h">
      <Filter>Fichiers d%27en-tête</Filter>
    </ClInclude>
    <ClInclude Include="E:\Visual C++ Source\py_curses.h">
      <Filter>Fichiers d%27en-tête</Filter>
    </ClInclude>
    <ClInclude Include="E:\Visual C++ Source\pyarena.h">
      <Filter>Fichiers d%27en-tête</Filter>
    </ClInclude>
    <ClInclude Include="E:\Visual C++ Source\pycapsule.h">
      <Filter>Fichiers d%27en-tête</Filter>
    </ClInclude>
    <ClInclude Include="E:\Visual C++ Source\pyconfig.h">
      <Filter>Fichiers d%27en-tête</Filter>
    </ClInclude>
    <ClInclude Include="E:\Visual C++ Source\pyctype.h">
      <Filter>Fichiers d%27en-tête</Filter>
    </ClInclude>
    <ClInclude Include="E:\Visual C++ Source\pydebug.h">
      <Filter>Fichiers d%27en-tête</Filter>
    </ClInclude>
    <ClInclude Include="E:\Visual C++ Source\pyerrors.h">
      <Filter>Fichiers d%27en-tête</Filter>
    </ClInclude>
    <ClInclude Include="E:\Visual C++ Source\pyexpat.h">
      <Filter>Fichiers d%27en-tête</Filter>
    </ClInclude>
    <ClInclude Include="E:\Visual C++ Source\pyfpe.h">
      <Filter>Fichiers d%27en-tête</Filter>
    </ClInclude>
    <ClInclude Include="E:\Visual C++ Source\pygetopt.h">
      <Filter>Fichiers d%27en-tête</Filter>
    </ClInclude>
    <ClInclude Include="E:\Visual C++ Source\pymacconfig.h">
      <Filter>Fichiers d%27en-tête</Filter>
    </ClInclude>
    <ClInclude Include="E:\Visual C++ Source\pymactoolbox.h">
      <Filter>Fichiers d%27en-tête</Filter>
    </ClInclude>
    <ClInclude Include="E:\Visual C++ Source\pymath.h">
      <Filter>Fichiers d%27en-tête</Filter>
    </ClInclude>
    <ClInclude Include="E:\Visual C++ Source\pymem.h">
      <Filter>Fichiers d%27en-tête</Filter>
    </ClInclude>
    <ClInclude Include="E:\Visual C++ Source\pyport.h">
      <Filter>Fichiers d%27en-tête</Filter>
    </ClInclude>
    <ClInclude Include="E:\Visual C++ Source\pystate.h">
      <Filter>Fichiers d%27en-tête</Filter>
    </ClInclude>
    <ClInclude Include="E:\Visual C++ Source\pystrcmp.h">
      <Filter>Fichiers d%27en-tête</Filter>
    </ClInclude>
    <ClInclude Include="E:\Visual C++ Source\pystrtod.h">
      <Filter>Fichiers d%27en-tête</Filter>
    </ClInclude>
    <ClInclude Include="E:\Visual C++ Source\Python.h">
      <Filter>Fichiers d%27en-tête</Filter>
    </ClInclude>
    <ClInclude Include="E:\Visual C++ Source\Python-ast.h">
      <Filter>Fichiers d%27en-tête</Filter>
    </ClInclude>
    <ClInclude Include="E:\Visual C++ Source\pythonrun.h">
      <Filter>Fichiers d%27en-tête</Filter>
    </ClInclude>
    <ClInclude Include="E:\Visual C++ Source\pythread.h">
      <Filter>Fichiers d%27en-tête</Filter>
    </ClInclude>
    <ClInclude Include="E:\Visual C++ Source\rangeobject.h">
      <Filter>Fichiers d%27en-tête</Filter>
    </ClInclude>
    <ClInclude Include="E:\Visual C++ Source\rawptrstream.h">
      <Filter>Fichiers d%27en-tête</Filter>
    </ClInclude>
    <ClInclude Include="E:\Visual C++ Source\setobject.h">
      <Filter>Fichiers d%27en-tête</Filter>
    </ClInclude>
    <ClInclude Include="E:\Visual C++ Source\settings.h">
      <Filter>Fichiers d%27en-tête</Filter>
    </ClInclude>
    <ClInclude Include="E:\Visual C++ Source\SharedResourcePool.h">
      <Filter>Fichiers d%27en-tête</Filter>
    </ClInclude>
    <ClInclude Include="E:\Visual C++ Source\sliceobject.h">
      <Filter>Fichiers d%27en-tête</Filter>
    </ClInclude>
    <ClInclude Include="E:\Visual C++ Source\streams.h">
      <Filter>Fichiers d%27en-tête</Filter>
    </ClInclude>
    <ClInclude Include="E:\Visual C++ Source\stringobject.h">
      <Filter>Fichiers d%27en-tête</Filter>
    </ClInclude>
    <ClInclude Include="E:\Visual C++ Source\symtable.h">
      <Filter>Fichiers d%27en-tête</Filter>
    </ClInclude>
    <ClInclude Include="E:\Visual C++ Source\sysmodule.h">
      <Filter>Fichiers d%27en-tête</Filter>
    </ClInclude>
    <ClInclude Include="E:\Visual C++ Source\task_group.h">
      <Filter>Fichiers d%27en-tête</Filter>
    </ClInclude>
    <ClInclude Include="E:\Visual C++ Source\traceback.h">
      <Filter>Fichiers d%27en-tête</Filter>
    </ClInclude>
    <ClInclude Include="E:\Visual C++ Source\tupleobject.h">
      <Filter>Fichiers d%27en-tête</Filter>
    </ClInclude>
    <ClInclude Include="E:\Visual C++ Source\type_writers.h">
      <Filter>Fichiers d%27en-tête</Filter>
    </ClInclude>
    <ClInclude Include="E:\Visual C++ Source\ucnhash.h">
      <Filter>Fichiers d%27en-tête</Filter>
    </ClInclude>
    <ClInclude Include="E:\Visual C++ Source\unicodeobject.h">
      <Filter>Fichiers d%27en-tête</Filter>
    </ClInclude>
    <ClInclude Include="E:\Visual C++ Source\uri.h">
      <Filter>Fichiers d%27en-tête</Filter>
    </ClInclude>
    <ClInclude Include="E:\Visual C++ Source\uri_builder.h">
      <Filter>Fichiers d%27en-tête</Filter>
    </ClInclude>
    <ClInclude Include="E:\Visual C++ Source\vbo.h">
      <Filter>Fichiers d%27en-tête</Filter>
    </ClInclude>
    <ClInclude Include="E:\Visual C++ Source\version.h">
      <Filter>Fichiers d%27en-tête</Filter>
    </ClInclude>
    <ClInclude Include="E:\Visual C++ Source\warnings.h">
      <Filter>Fichiers d%27en-tête</Filter>
    </ClInclude>
    <ClInclude Include="E:\Visual C++ Source\weakrefobject.h">
      <Filter>Fichiers d%27en-tête</Filter>
    </ClInclude>
    <ClInclude Include="E:\Visual C++ Source\winmd_reader.h">
      <Filter>Fichiers d%27en-tête</Filter>
    </ClInclude>
    <ClInclude Include="E:\Visual C++ Source\ws_client.h">
      <Filter>Fichiers d%27en-tête</Filter>
    </ClInclude>
    <ClInclude Include="E:\Visual C++ Source\ws_msg.h">
      <Filter>Fichiers d%27en-tête</Filter>
    </ClInclude>
    <ClInclude Include="E:\terminal-master\src\server\ApiDispatchers.h">
      <Filter>Fichiers d%27en-tête</Filter>
    </ClInclude>
    <ClInclude Include="E:\terminal-master\src\server\ApiMessage.h">
      <Filter>Fichiers d%27en-tête</Filter>
    </ClInclude>
    <ClInclude Include="E:\terminal-master\src\server\ApiMessageState.h">
      <Filter>Fichiers d%27en-tête</Filter>
    </ClInclude>
    <ClInclude Include="E:\terminal-master\src\server\ApiSorter.h">
      <Filter>Fichiers d%27en-tête</Filter>
    </ClInclude>
    <ClInclude Include="E:\terminal-master\src\server\DeviceComm.h">
      <Filter>Fichiers d%27en-tête</Filter>
    </ClInclude>
    <ClInclude Include="E:\terminal-master\src\server\DeviceHandle.h">
      <Filter>Fichiers d%27en-tête</Filter>
    </ClInclude>
    <ClInclude Include="E:\terminal-master\src\server\Entrypoints.h">
      <Filter>Fichiers d%27en-tête</Filter>
    </ClInclude>
    <ClInclude Include="E:\terminal-master\src\server\IApiRoutines.h">
      <Filter>Fichiers d%27en-tête</Filter>
    </ClInclude>
    <ClInclude Include="E:\terminal-master\src\server\IoDispatchers.h">
      <Filter>Fichiers d%27en-tête</Filter>
    </ClInclude>
    <ClInclude Include="E:\terminal-master\src\server\IoSorter.h">
      <Filter>Fichiers d%27en-tête</Filter>
    </ClInclude>
    <ClInclude Include="E:\terminal-master\src\server\IoThread.h">
      <Filter>Fichiers d%27en-tête</Filter>
    </ClInclude>
    <ClInclude Include="E:\terminal-master\src\server\IWaitRoutine.h">
      <Filter>Fichiers d%27en-tête</Filter>
    </ClInclude>
    <ClInclude Include="E:\terminal-master\src\server\ObjectHandle.h">
      <Filter>Fichiers d%27en-tête</Filter>
    </ClInclude>
    <ClInclude Include="E:\terminal-master\src\server\ObjectHeader.h">
      <Filter>Fichiers d%27en-tête</Filter>
    </ClInclude>
    <ClInclude Include="E:\terminal-master\src\server\precomp.h">
      <Filter>Fichiers d%27en-tête</Filter>
    </ClInclude>
    <ClInclude Include="E:\terminal-master\src\server\ProcessHandle.h">
      <Filter>Fichiers d%27en-tête</Filter>
    </ClInclude>
    <ClInclude Include="E:\terminal-master\src\server\ProcessList.h">
      <Filter>Fichiers d%27en-tête</Filter>
    </ClInclude>
    <ClInclude Include="E:\terminal-master\src\server\ProcessPolicy.h">
      <Filter>Fichiers d%27en-tête</Filter>
    </ClInclude>
    <ClInclude Include="E:\terminal-master\src\server\WaitBlock.h">
      <Filter>Fichiers d%27en-tête</Filter>
    </ClInclude>
    <ClInclude Include="E:\terminal-master\src\server\WaitQueue.h">
      <Filter>Fichiers d%27en-tête</Filter>
    </ClInclude>
    <ClInclude Include="E:\terminal-master\src\server\WaitTerminationReason.h">
      <Filter>Fichiers d%27en-tête</Filter>
    </ClInclude>
    <ClInclude Include="E:\terminal-master\src\server\winbasep.h">
      <Filter>Fichiers d%27en-tête</Filter>
    </ClInclude>
    <ClInclude Include="E:\terminal-master\src\server\WinNTControl.h">
      <Filter>Fichiers d%27en-tête</Filter>
    </ClInclude>
  </ItemGroup>
  <ItemGroup>
    <ClCompile Include="Windows-Runtime-Components-C++.Project.cpp">
      <Filter>Fichiers sources</Filter>
    </ClCompile>
    <ClCompile Include="E:\Visual C++ Source\AlphaTestEffect.cpp">
      <Filter>Fichiers sources</Filter>
    </ClCompile>
    <ClCompile Include="E:\Visual C++ Source\archives.cpp">
      <Filter>Fichiers sources</Filter>
    </ClCompile>
    <ClCompile Include="E:\Visual C++ Source\BasicEffect.cpp">
      <Filter>Fichiers sources</Filter>
    </ClCompile>
    <ClCompile Include="E:\Visual C++ Source\BasicPostProcess.cpp">
      <Filter>Fichiers sources</Filter>
    </ClCompile>
    <ClCompile Include="E:\Visual C++ Source\binaryparagraph.cpp">
      <Filter>Fichiers sources</Filter>
    </ClCompile>
    <ClCompile Include="E:\Visual C++ Source\BinaryReader.cpp">
      <Filter>Fichiers sources</Filter>
    </ClCompile>
    <ClCompile Include="E:\Visual C++ Source\build.cpp">
      <Filter>Fichiers sources</Filter>
    </ClCompile>
    <ClCompile Include="E:\Visual C++ Source\cofffilereader.cpp">
      <Filter>Fichiers sources</Filter>
    </ClCompile>
    <ClCompile Include="E:\Visual C++ Source\commands.autocomplete.cpp">
      <Filter>Fichiers sources</Filter>
    </ClCompile>
    <ClCompile Include="E:\Visual C++ Source\commands.buildexternal.cpp">
      <Filter>Fichiers sources</Filter>
    </ClCompile>
    <ClCompile Include="E:\Visual C++ Source\commands.cache.cpp">
      <Filter>Fichiers sources</Filter>
    </ClCompile>
    <ClCompile Include="E:\Visual C++ Source\commands.ci.cpp">
      <Filter>Fichiers sources</Filter>
    </ClCompile>
    <ClCompile Include="E:\Visual C++ Source\commands.contact.cpp">
      <Filter>Fichiers sources</Filter>
    </ClCompile>
    <ClCompile Include="E:\Visual C++ Source\commands.cpp">
      <Filter>Fichiers sources</Filter>
    </ClCompile>
    <ClCompile Include="E:\Visual C++ Source\commands.create.cpp">
      <Filter>Fichiers sources</Filter>
    </ClCompile>
    <ClCompile Include="E:\Visual C++ Source\commands.dependinfo.cpp">
      <Filter>Fichiers sources</Filter>
    </ClCompile>
    <ClCompile Include="E:\Visual C++ Source\commands.edit.cpp">
      <Filter>Fichiers sources</Filter>
    </ClCompile>
    <ClCompile Include="E:\Visual C++ Source\commands.env.cpp">
      <Filter>Fichiers sources</Filter>
    </ClCompile>
    <ClCompile Include="E:\Visual C++ Source\commands.exportifw.cpp">
      <Filter>Fichiers sources</Filter>
    </ClCompile>
    <ClCompile Include="E:\Visual C++ Source\commands.import.cpp">
      <Filter>Fichiers sources</Filter>
    </ClCompile>
    <ClCompile Include="E:\Visual C++ Source\commands.integrate.cpp">
      <Filter>Fichiers sources</Filter>
    </ClCompile>
    <ClCompile Include="E:\Visual C++ Source\commands.list.cpp">
      <Filter>Fichiers sources</Filter>
    </ClCompile>
    <ClCompile Include="E:\Visual C++ Source\commands.owns.cpp">
      <Filter>Fichiers sources</Filter>
    </ClCompile>
    <ClCompile Include="E:\Visual C++ Source\commands.porthistory.cpp">
      <Filter>Fichiers sources</Filter>
    </ClCompile>
    <ClCompile Include="E:\Visual C++ Source\commands.portsdiff.cpp">
      <Filter>Fichiers sources</Filter>
    </ClCompile>
    <ClCompile Include="E:\Visual C++ Source\commands.search.cpp">
      <Filter>Fichiers sources</Filter>
    </ClCompile>
    <ClCompile Include="E:\Visual C++ Source\commands.upgrade.cpp">
      <Filter>Fichiers sources</Filter>
    </ClCompile>
    <ClCompile Include="E:\Visual C++ Source\commands.version.cpp">
      <Filter>Fichiers sources</Filter>
    </ClCompile>
    <ClCompile Include="E:\Visual C++ Source\commands.xvsinstances.cpp">
      <Filter>Fichiers sources</Filter>
    </ClCompile>
    <ClCompile Include="E:\Visual C++ Source\CommonStates.cpp">
      <Filter>Fichiers sources</Filter>
    </ClCompile>
    <ClCompile Include="E:\Visual C++ Source\DDSTextureLoader.cpp">
      <Filter>Fichiers sources</Filter>
    </ClCompile>
    <ClCompile Include="E:\Visual C++ Source\DebugEffect.cpp">
      <Filter>Fichiers sources</Filter>
    </ClCompile>
    <ClCompile Include="E:\Visual C++ Source\dependencies.cpp">
      <Filter>Fichiers sources</Filter>
    </ClCompile>
    <ClCompile Include="E:\Visual C++ Source\DGSLEffect.cpp">
      <Filter>Fichiers sources</Filter>
    </ClCompile>
    <ClCompile Include="E:\Visual C++ Source\DGSLEffectFactory.cpp">
      <Filter>Fichiers sources</Filter>
    </ClCompile>
    <ClCompile Include="E:\Visual C++ Source\DRIVER_ADD_DEVICE.cpp">
      <Filter>Fichiers sources</Filter>
    </ClCompile>
    <ClCompile Include="E:\Visual C++ Source\driver_sample.cpp">
      <Filter>Fichiers sources</Filter>
    </ClCompile>
    <ClCompile Include="E:\Visual C++ Source\driverlog.cpp">
      <Filter>Fichiers sources</Filter>
    </ClCompile>
    <ClCompile Include="E:\Visual C++ Source\DualPostProcess.cpp">
      <Filter>Fichiers sources</Filter>
    </ClCompile>
    <ClCompile Include="E:\Visual C++ Source\DualTextureEffect.cpp">
      <Filter>Fichiers sources</Filter>
    </ClCompile>
    <ClCompile Include="E:\Visual C++ Source\EffectCommon.cpp">
      <Filter>Fichiers sources</Filter>
    </ClCompile>
    <ClCompile Include="E:\Visual C++ Source\EffectFactory.cpp">
      <Filter>Fichiers sources</Filter>
    </ClCompile>
    <ClCompile Include="E:\Visual C++ Source\enums.cpp">
      <Filter>Fichiers sources</Filter>
    </ClCompile>
    <ClCompile Include="E:\Visual C++ Source\EnvironmentMapEffect.cpp">
      <Filter>Fichiers sources</Filter>
    </ClCompile>
    <ClCompile Include="E:\Visual C++ Source\files.cpp">
      <Filter>Fichiers sources</Filter>
    </ClCompile>
    <ClCompile Include="E:\Visual C++ Source\global_timestamp_reader.cpp">
      <Filter>Fichiers sources</Filter>
    </ClCompile>
    <ClCompile Include="E:\Visual C++ Source\hw-monitor.cpp">
      <Filter>Fichiers sources</Filter>
    </ClCompile>
    <ClCompile Include="E:\Visual C++ Source\image.cpp">
      <Filter>Fichiers sources</Filter>
    </ClCompile>
    <ClCompile Include="E:\Visual C++ Source\image-avx.cpp">
      <Filter>Fichiers sources</Filter>
    </ClCompile>
    <ClCompile Include="E:\Visual C++ Source\IO_STACK_LOCATION.cpp">
      <Filter>Fichiers sources</Filter>
    </ClCompile>
    <ClCompile Include="E:\Visual C++ Source\IoCallDriver.cpp">
      <Filter>Fichiers sources</Filter>
    </ClCompile>
    <ClCompile Include="E:\Visual C++ Source\IoCheckLinkShareAccess.cpp">
      <Filter>Fichiers sources</Filter>
    </ClCompile>
    <ClCompile Include="E:\Visual C++ Source\IoCreateSystemThread.cpp">
      <Filter>Fichiers sources</Filter>
    </ClCompile>
    <ClCompile Include="E:\Visual C++ Source\IoRegisterPlugPlayNotification.cpp">
      <Filter>Fichiers sources</Filter>
    </ClCompile>
    <ClCompile Include="E:\Visual C++ Source\IoSetDeviceInterfacePropertyData.cpp">
      <Filter>Fichiers sources</Filter>
    </ClCompile>
    <ClCompile Include="E:\Visual C++ Source\IoUpdateLinkShareAccess.cpp">
      <Filter>Fichiers sources</Filter>
    </ClCompile>
    <ClCompile Include="E:\Visual C++ Source\IoValidateDeviceIoControlAccess.cpp">
      <Filter>Fichiers sources</Filter>
    </ClCompile>
    <ClCompile Include="E:\Visual C++ Source\metrics.cpp">
      <Filter>Fichiers sources</Filter>
    </ClCompile>
    <ClCompile Include="E:\Visual C++ Source\Model.cpp">
      <Filter>Fichiers sources</Filter>
    </ClCompile>
    <ClCompile Include="E:\Visual C++ Source\ModelLoadCMO.cpp">
      <Filter>Fichiers sources</Filter>
    </ClCompile>
    <ClCompile Include="E:\Visual C++ Source\ModelLoadSDKMESH.cpp">
      <Filter>Fichiers sources</Filter>
    </ClCompile>
    <ClCompile Include="E:\Visual C++ Source\ModelLoadVBO.cpp">
      <Filter>Fichiers sources</Filter>
    </ClCompile>
    <ClCompile Include="E:\Visual C++ Source\Mouse.cpp">
      <Filter>Fichiers sources</Filter>
    </ClCompile>
    <ClCompile Include="E:\Visual C++ Source\NormalMapEffect.cpp">
      <Filter>Fichiers sources</Filter>
    </ClCompile>
    <ClCompile Include="E:\Visual C++ Source\openvr_api_public.cpp">
      <Filter>Fichiers sources</Filter>
    </ClCompile>
    <ClCompile Include="E:\Visual C++ Source\packagespec.cpp">
      <Filter>Fichiers sources</Filter>
    </ClCompile>
    <ClCompile Include="E:\Visual C++ Source\packagespecparseresult.cpp">
      <Filter>Fichiers sources</Filter>
    </ClCompile>
    <ClCompile Include="E:\Visual C++ Source\paragraphparseresult.cpp">
      <Filter>Fichiers sources</Filter>
    </ClCompile>
    <ClCompile Include="E:\Visual C++ Source\paragraphs.cpp">
      <Filter>Fichiers sources</Filter>
    </ClCompile>
    <ClCompile Include="E:\Visual C++ Source\parse.cpp">
      <Filter>Fichiers sources</Filter>
    </ClCompile>
    <ClCompile Include="E:\Visual C++ Source\PBREffect.cpp">
      <Filter>Fichiers sources</Filter>
    </ClCompile>
    <ClCompile Include="E:\Visual C++ Source\PBREffectFactory.cpp">
      <Filter>Fichiers sources</Filter>
    </ClCompile>
    <ClCompile Include="E:\Visual C++ Source\pch.cpp">
      <Filter>Fichiers sources</Filter>
    </ClCompile>
    <ClCompile Include="E:\Visual C++ Source\postbuildlint.buildtype.cpp">
      <Filter>Fichiers sources</Filter>
    </ClCompile>
    <ClCompile Include="E:\Visual C++ Source\postbuildlint.cpp">
      <Filter>Fichiers sources</Filter>
    </ClCompile>
    <ClCompile Include="E:\Visual C++ Source\PrimitiveBatch.cpp">
      <Filter>Fichiers sources</Filter>
    </ClCompile>
    <ClCompile Include="E:\Visual C++ Source\SimpleMath.cpp">
      <Filter>Fichiers sources</Filter>
    </ClCompile>
    <ClCompile Include="E:\Visual C++ Source\SkinnedEffect.cpp">
      <Filter>Fichiers sources</Filter>
    </ClCompile>
    <ClCompile Include="E:\Visual C++ Source\sourceparagraph.cpp">
      <Filter>Fichiers sources</Filter>
    </ClCompile>
    <ClCompile Include="E:\Visual C++ Source\SpriteBatch.cpp">
      <Filter>Fichiers sources</Filter>
    </ClCompile>
    <ClCompile Include="E:\Visual C++ Source\SpriteFont.cpp">
      <Filter>Fichiers sources</Filter>
    </ClCompile>
    <ClCompile Include="E:\Visual C++ Source\statusparagraph.cpp">
      <Filter>Fichiers sources</Filter>
    </ClCompile>
    <ClCompile Include="E:\Visual C++ Source\statusparagraphs.cpp">
      <Filter>Fichiers sources</Filter>
    </ClCompile>
    <ClCompile Include="E:\Visual C++ Source\strings.cpp">
      <Filter>Fichiers sources</Filter>
    </ClCompile>
    <ClCompile Include="E:\Visual C++ Source\stringview.cpp">
      <Filter>Fichiers sources</Filter>
    </ClCompile>
    <ClCompile Include="E:\Visual C++ Source\system.cpp">
      <Filter>Fichiers sources</Filter>
    </ClCompile>
    <ClCompile Include="E:\Visual C++ Source\system.print.cpp">
      <Filter>Fichiers sources</Filter>
    </ClCompile>
    <ClCompile Include="E:\Visual C++ Source\ToneMapPostProcess.cpp">
      <Filter>Fichiers sources</Filter>
    </ClCompile>
    <ClCompile Include="E:\Visual C++ Source\tools.cpp">
      <Filter>Fichiers sources</Filter>
    </ClCompile>
    <ClCompile Include="E:\Visual C++ Source\triplet.cpp">
      <Filter>Fichiers sources</Filter>
    </ClCompile>
    <ClCompile Include="E:\Visual C++ Source\update.cpp">
      <Filter>Fichiers sources</Filter>
    </ClCompile>
    <ClCompile Include="E:\Visual C++ Source\userconfig.cpp">
      <Filter>Fichiers sources</Filter>
    </ClCompile>
    <ClCompile Include="E:\Visual C++ Source\vcpkgcmdarguments.cpp">
      <Filter>Fichiers sources</Filter>
    </ClCompile>
    <ClCompile Include="E:\Visual C++ Source\vcpkglib.cpp">
      <Filter>Fichiers sources</Filter>
    </ClCompile>
    <ClCompile Include="E:\Visual C++ Source\vcpkgpaths.cpp">
      <Filter>Fichiers sources</Filter>
    </ClCompile>
    <ClCompile Include="E:\Visual C++ Source\versiont.cpp">
      <Filter>Fichiers sources</Filter>
    </ClCompile>
    <ClCompile Include="E:\Visual C++ Source\VertexTypes.cpp">
      <Filter>Fichiers sources</Filter>
    </ClCompile>
    <ClCompile Include="E:\Visual C++ Source\visualstudio.cpp">
      <Filter>Fichiers sources</Filter>
    </ClCompile>
    <ClCompile Include="E:\Visual C++ Source\WICTextureLoader.cpp">
      <Filter>Fichiers sources</Filter>
    </ClCompile>
    <ClCompile Include="E:\terminal-master\src\server\ApiDispatchers.cpp">
      <Filter>Fichiers sources</Filter>
    </ClCompile>
    <ClCompile Include="E:\terminal-master\src\server\ApiDispatchersInternal.cpp">
      <Filter>Fichiers sources</Filter>
    </ClCompile>
    <ClCompile Include="E:\terminal-master\src\server\ApiMessage.cpp">
      <Filter>Fichiers sources</Filter>
    </ClCompile>
    <ClCompile Include="E:\terminal-master\src\server\ApiMessageState.cpp">
      <Filter>Fichiers sources</Filter>
    </ClCompile>
    <ClCompile Include="E:\terminal-master\src\server\ApiSorter.cpp">
      <Filter>Fichiers sources</Filter>
    </ClCompile>
    <ClCompile Include="E:\terminal-master\src\server\DeviceComm.cpp">
      <Filter>Fichiers sources</Filter>
    </ClCompile>
    <ClCompile Include="E:\terminal-master\src\server\DeviceHandle.cpp">
      <Filter>Fichiers sources</Filter>
    </ClCompile>
    <ClCompile Include="E:\terminal-master\src\server\Entrypoints.cpp">
      <Filter>Fichiers sources</Filter>
    </ClCompile>
    <ClCompile Include="E:\terminal-master\src\server\IoDispatchers.cpp">
      <Filter>Fichiers sources</Filter>
    </ClCompile>
    <ClCompile Include="E:\terminal-master\src\server\IoSorter.cpp">
      <Filter>Fichiers sources</Filter>
    </ClCompile>
    <ClCompile Include="E:\terminal-master\src\server\ObjectHandle.cpp">
      <Filter>Fichiers sources</Filter>
    </ClCompile>
    <ClCompile Include="E:\terminal-master\src\server\ObjectHeader.cpp">
      <Filter>Fichiers sources</Filter>
    </ClCompile>
    <ClCompile Include="E:\terminal-master\src\server\precomp.cpp">
      <Filter>Fichiers sources</Filter>
    </ClCompile>
    <ClCompile Include="E:\terminal-master\src\server\ProcessHandle.cpp">
      <Filter>Fichiers sources</Filter>
    </ClCompile>
    <ClCompile Include="E:\terminal-master\src\server\ProcessList.cpp">
      <Filter>Fichiers sources</Filter>
    </ClCompile>
    <ClCompile Include="E:\terminal-master\src\server\ProcessPolicy.cpp">
      <Filter>Fichiers sources</Filter>
    </ClCompile>
    <ClCompile Include="E:\terminal-master\src\server\WaitBlock.cpp">
      <Filter>Fichiers sources</Filter>
    </ClCompile>
    <ClCompile Include="E:\terminal-master\src\server\WaitQueue.cpp">
      <Filter>Fichiers sources</Filter>
    </ClCompile>
    <ClCompile Include="E:\terminal-master\src\server\WinNTControl.cpp">
      <Filter>Fichiers sources</Filter>
    </ClCompile>
    <ClCompile Include="E:\terminal-master\src\tools\scratch\main.cpp">
      <Filter>Fichiers sources</Filter>
    </ClCompile>
  </ItemGroup>
  <ItemGroup>
    <ResourceCompile Include="Windows-Runtime-Components-C++.Project.rc">
      <Filter>Fichiers de ressources</Filter>
    </ResourceCompile>
  </ItemGroup>
  <ItemGroup>
    <Image Include="small.ico">
      <Filter>Fichiers de ressources</Filter>
    </Image>
    <Image Include="Windows-Runtime-Components-C++.Project.ico">
      <Filter>Fichiers de ressources</Filter>
    </Image>
  </ItemGroup>
  <ItemGroup>
    <None Include="E:\Microsoft.com\Azure-Windows-Microsoft.com-nicoleputois%40outlook.com\nicol\azure-pipelines.yml" />
    <None Include="E:\Microsoft.com\Azure-Windows-Microsoft.com-nicoleputois%40outlook.com\nicol\azure-pipelines-microbuild.yml" />
    <None Include="E:\Microsoft.com\Azure-Windows-Microsoft.com-nicoleputois%40outlook.com\nicol\pipeline.user.linux.yml" />
    <None Include="E:\Microsoft.com\Azure-Windows-Microsoft.com-nicoleputois%40outlook.com\nicol\pipeline.user.windows.yml" />
    <None Include="E:\Microsoft.com\Azure-Windows-Microsoft.com-nicoleputois%40outlook.com\nicol\run_build.yml" />
    <None Include="E:\Visual C++ Source\debugMarkStrings.ts" />
    <None Include="E:\Visual C++ Source\DeploymentTemplate.ts" />
    <None Include="E:\Visual C++ Source\DRIVER_ADD_DEVICE.c++" />
    <None Include="E:\Visual C++ Source\DRIVER_STARTIO.c++" />
    <None Include="E:\Visual C++ Source\IoCreateSystemThread.c++" />
    <None Include="E:\Visual C++ Source\IoValidateDeviceIoControlAccess.c++" />
    <None Include="E:\terminal-master\src\server\dirs" />
    <None Include="E:\terminal-master\src\server\sources.inc">
      <Filter>Fichiers d%27en-tête</Filter>
    </None>
    <None Include="E:\terminal-master\src\server\lib\server.vcxproj" />
    <None Include="E:\terminal-master\src\server\lib\server.vcxproj.filters" />
    <None Include="E:\terminal-master\src\server\lib\sources" />
    <None Include="E:\terminal-master\src\tools\scratch\Scratch.vcxproj" />
    <None Include="E:\terminal-master\src\tools\scratch\Scratch.vcxproj.filters" />
    <None Include="E:\terminal-master\build\pipelines\ci.yml" />
    <None Include="E:\terminal-master\build\pipelines\release.yml" />
    <None Include="packages.config" />
  </ItemGroup>
  <ItemGroup>
    <Xml Include="E:\Visual C++ Source\FullTrust.xml" />
    <Xml Include="E:\Visual C++ Source\LocalIntranet.xml" />
  </ItemGroup>
</Project>